{
  "requires": true,
  "lockfileVersion": 1,
  "dependencies": {
    "perfect-scrollbar": {
      "version": "1.4.0",
      "resolved": "https://registry.npmjs.org/perfect-scrollbar/-/perfect-scrollbar-1.4.0.tgz",
      "integrity": "sha512-/2Sk/khljhdrsamjJYS5NjrH+GKEHEwh7zFSiYyxROyYKagkE4kSn2zDQDRTOMo8mpT2jikxx6yI1dG7lNP/hw=="
    }
  }
}
